// !$*UTF8*$!
{
	archiveVersion = 1;
	classes = {
	};
	objectVersion = 50;
	objects = {

/* Begin PBXBuildFile section */
		B26A88D7222B154B00AEC3F1 /* AppDelegate.swift in Sources */ = {isa = PBXBuildFile; fileRef = B26A88D6222B154B00AEC3F1 /* AppDelegate.swift */; };
		B26A88D9222B154B00AEC3F1 /* ViewController.swift in Sources */ = {isa = PBXBuildFile; fileRef = B26A88D8222B154B00AEC3F1 /* ViewController.swift */; };
		B26A88DC222B154B00AEC3F1 /* Main.storyboard in Resources */ = {isa = PBXBuildFile; fileRef = B26A88DA222B154B00AEC3F1 /* Main.storyboard */; };
		B26A88DE222B154D00AEC3F1 /* Assets.xcassets in Resources */ = {isa = PBXBuildFile; fileRef = B26A88DD222B154D00AEC3F1 /* Assets.xcassets */; };
		B26A88E1222B154D00AEC3F1 /* LaunchScreen.storyboard in Resources */ = {isa = PBXBuildFile; fileRef = B26A88DF222B154D00AEC3F1 /* LaunchScreen.storyboard */; };
		B26A88EA222B16DB00AEC3F1 /* PlayingCard.swift in Sources */ = {isa = PBXBuildFile; fileRef = B26A88E9222B16DB00AEC3F1 /* PlayingCard.swift */; };
		B26A88EC222B1A3A00AEC3F1 /* PlayingCardDeck.swift in Sources */ = {isa = PBXBuildFile; fileRef = B26A88EB222B1A3A00AEC3F1 /* PlayingCardDeck.swift */; };
		B28840322231B03400F37164 /* PlayingCardView.swift in Sources */ = {isa = PBXBuildFile; fileRef = B28840312231B03400F37164 /* PlayingCardView.swift */; };
		B2D68F72223D9439007AD0E9 /* CardBehavior.swift in Sources */ = {isa = PBXBuildFile; fileRef = B2D68F71223D9439007AD0E9 /* CardBehavior.swift */; };
/* End PBXBuildFile section */

/* Begin PBXFileReference section */
		B26A88D3222B154B00AEC3F1 /* PlayingCard.app */ = {isa = PBXFileReference; explicitFileType = wrapper.application; includeInIndex = 0; path = PlayingCard.app; sourceTree = BUILT_PRODUCTS_DIR; };
		B26A88D6222B154B00AEC3F1 /* AppDelegate.swift */ = {isa = PBXFileReference; lastKnownFileType = sourcecode.swift; path = AppDelegate.swift; sourceTree = "<group>"; };
		B26A88D8222B154B00AEC3F1 /* ViewController.swift */ = {isa = PBXFileReference; lastKnownFileType = sourcecode.swift; path = ViewController.swift; sourceTree = "<group>"; };
		B26A88DB222B154B00AEC3F1 /* Base */ = {isa = PBXFileReference; lastKnownFileType = file.storyboard; name = Base; path = Base.lproj/Main.storyboard; sourceTree = "<group>"; };
		B26A88DD222B154D00AEC3F1 /* Assets.xcassets */ = {isa = PBXFileReference; lastKnownFileType = folder.assetcatalog; path = Assets.xcassets; sourceTree = "<group>"; };
		B26A88E0222B154D00AEC3F1 /* Base */ = {isa = PBXFileReference; lastKnownFileType = file.storyboard; name = Base; path = Base.lproj/LaunchScreen.storyboard; sourceTree = "<group>"; };
		B26A88E2222B154D00AEC3F1 /* Info.plist */ = {isa = PBXFileReference; lastKnownFileType = text.plist.xml; path = Info.plist; sourceTree = "<group>"; };
		B26A88E9222B16DB00AEC3F1 /* PlayingCard.swift */ = {isa = PBXFileReference; lastKnownFileType = sourcecode.swift; path = PlayingCard.swift; sourceTree = "<group>"; };
		B26A88EB222B1A3A00AEC3F1 /* PlayingCardDeck.swift */ = {isa = PBXFileReference; lastKnownFileType = sourcecode.swift; path = PlayingCardDeck.swift; sourceTree = "<group>"; };
		B28840312231B03400F37164 /* PlayingCardView.swift */ = {isa = PBXFileReference; lastKnownFileType = sourcecode.swift; path = PlayingCardView.swift; sourceTree = "<group>"; };
		B2D68F71223D9439007AD0E9 /* CardBehavior.swift */ = {isa = PBXFileReference; lastKnownFileType = sourcecode.swift; name = CardBehavior.swift; path = PlayingCard/CardBehavior.swift; sourceTree = "<group>"; };
/* End PBXFileReference section */

/* Begin PBXFrameworksBuildPhase section */
		B26A88D0222B154B00AEC3F1 /* Frameworks */ = {
			isa = PBXFrameworksBuildPhase;
			buildActionMask = 2147483647;
			files = (
			);
			runOnlyForDeploymentPostprocessing = 0;
		};
/* End PBXFrameworksBuildPhase section */

/* Begin PBXGroup section */
		B26A88CA222B154B00AEC3F1 = {
			isa = PBXGroup;
			children = (
				B2D68F71223D9439007AD0E9 /* CardBehavior.swift */,
				B26A88D5222B154B00AEC3F1 /* PlayingCard */,
				B26A88D4222B154B00AEC3F1 /* Products */,
			);
			sourceTree = "<group>";
		};
		B26A88D4222B154B00AEC3F1 /* Products */ = {
			isa = PBXGroup;
			children = (
				B26A88D3222B154B00AEC3F1 /* PlayingCard.app */,
			);
			name = Products;
			sourceTree = "<group>";
		};
		B26A88D5222B154B00AEC3F1 /* PlayingCard */ = {
			isa = PBXGroup;
			children = (
				B26A88E8222B156000AEC3F1 /* Supporting Files */,
				B26A88D8222B154B00AEC3F1 /* ViewController.swift */,
				B28840312231B03400F37164 /* PlayingCardView.swift */,
				B26A88DA222B154B00AEC3F1 /* Main.storyboard */,
				B26A88E2222B154D00AEC3F1 /* Info.plist */,
				B26A88E9222B16DB00AEC3F1 /* PlayingCard.swift */,
				B26A88EB222B1A3A00AEC3F1 /* PlayingCardDeck.swift */,
			);
			path = PlayingCard;
			sourceTree = "<group>";
		};
		B26A88E8222B156000AEC3F1 /* Supporting Files */ = {
			isa = PBXGroup;
			children = (
				B26A88DF222B154D00AEC3F1 /* LaunchScreen.storyboard */,
				B26A88DD222B154D00AEC3F1 /* Assets.xcassets */,
				B26A88D6222B154B00AEC3F1 /* AppDelegate.swift */,
			);
			path = "Supporting Files";
			sourceTree = "<group>";
		};
/* End PBXGroup section */

/* Begin PBXNativeTarget section */
		B26A88D2222B154B00AEC3F1 /* PlayingCard */ = {
			isa = PBXNativeTarget;
			buildConfigurationList = B26A88E5222B154D00AEC3F1 /* Build configuration list for PBXNativeTarget "PlayingCard" */;
			buildPhases = (
				B26A88CF222B154B00AEC3F1 /* Sources */,
				B26A88D0222B154B00AEC3F1 /* Frameworks */,
				B26A88D1222B154B00AEC3F1 /* Resources */,
			);
			buildRules = (
			);
			dependencies = (
			);
			name = PlayingCard;
			productName = PlayingCard;
			productReference = B26A88D3222B154B00AEC3F1 /* PlayingCard.app */;
			productType = "com.apple.product-type.application";
		};
/* End PBXNativeTarget section */

/* Begin PBXProject section */
		B26A88CB222B154B00AEC3F1 /* Project object */ = {
			isa = PBXProject;
			attributes = {
				LastSwiftUpdateCheck = 1010;
				LastUpgradeCheck = 1010;
				ORGANIZATIONNAME = "Elif Yurt";
				TargetAttributes = {
					B26A88D2222B154B00AEC3F1 = {
						CreatedOnToolsVersion = 10.1;
					};
				};
			};
			buildConfigurationList = B26A88CE222B154B00AEC3F1 /* Build configuration list for PBXProject "PlayingCard" */;
			compatibilityVersion = "Xcode 9.3";
			developmentRegion = en;
			hasScannedForEncodings = 0;
			knownRegions = (
				en,
				Base,
			);
			mainGroup = B26A88CA222B154B00AEC3F1;
			productRefGroup = B26A88D4222B154B00AEC3F1 /* Products */;
			projectDirPath = "";
			projectRoot = "";
			targets = (
				B26A88D2222B154B00AEC3F1 /* PlayingCard */,
			);
		};
/* End PBXProject section */

/* Begin PBXResourcesBuildPhase section */
		B26A88D1222B154B00AEC3F1 /* Resources */ = {
			isa = PBXResourcesBuildPhase;
			buildActionMask = 2147483647;
			files = (
				B26A88E1222B154D00AEC3F1 /* LaunchScreen.storyboard in Resources */,
				B26A88DE222B154D00AEC3F1 /* Assets.xcassets in Resources */,
				B26A88DC222B154B00AEC3F1 /* Main.storyboard in Resources */,
			);
			runOnlyForDeploymentPostprocessing = 0;
		};
/* End PBXResourcesBuildPhase section */

/* Begin PBXSourcesBuildPhase section */
		B26A88CF222B154B00AEC3F1 /* Sources */ = {
			isa = PBXSourcesBuildPhase;
			buildActionMask = 2147483647;
			files = (
				B26A88D9222B154B00AEC3F1 /* ViewController.swift in Sources */,
				B26A88EC222B1A3A00AEC3F1 /* PlayingCardDeck.swift in Sources */,
				B26A88EA222B16DB00AEC3F1 /* PlayingCard.swift in Sources */,
				B28840322231B03400F37164 /* PlayingCardView.swift in Sources */,
				B26A88D7222B154B00AEC3F1 /* AppDelegate.swift in Sources */,
				B2D68F72223D9439007AD0E9 /* CardBehavior.swift in Sources */,
			);
			runOnlyForDeploymentPostprocessing = 0;
		};
/* End PBXSourcesBuildPhase section */

/* Begin PBXVariantGroup section */
		B26A88DA222B154B00AEC3F1 /* Main.storyboard */ = {
			isa = PBXVariantGroup;
			children = (
				B26A88DB222B154B00AEC3F1 /* Base */,
			);
			name = Main.storyboard;
			sourceTree = "<group>";
		};
		B26A88DF222B154D00AEC3F1 /* LaunchScreen.storyboard */ = {
			isa = PBXVariantGroup;
			children = (
				B26A88E0222B154D00AEC3F1 /* Base */,
			);
			name = LaunchScreen.storyboard;
			sourceTree = "<group>";
		};
/* End PBXVariantGroup section */

/* Begin XCBuildConfiguration section */
		B26A88E3222B154D00AEC3F1 /* Debug */ = {
			isa = XCBuildConfiguration;
			buildSettings = {
				ALWAYS_SEARCH_USER_PATHS = NO;
				CLANG_ANALYZER_NONNULL = YES;
				CLANG_ANALYZER_NUMBER_OBJECT_CONVERSION = YES_AGGRESSIVE;
				CLANG_CXX_LANGUAGE_STANDARD = "gnu++14";
				CLANG_CXX_LIBRARY = "libc++";
				CLANG_ENABLE_MODULES = YES;
				CLANG_ENABLE_OBJC_ARC = YES;
				CLANG_ENABLE_OBJC_WEAK = YES;
				CLANG_WARN_BLOCK_CAPTURE_AUTORELEASING = YES;
				CLANG_WARN_BOOL_CONVERSION = YES;
				CLANG_WARN_COMMA = YES;
				CLANG_WARN_CONSTANT_CONVERSION = YES;
				CLANG_WARN_DEPRECATED_OBJC_IMPLEMENTATIONS = YES;
				CLANG_WARN_DIRECT_OBJC_ISA_USAGE = YES_ERROR;
				CLANG_WARN_DOCUMENTATION_COMMENTS = YES;
				CLANG_WARN_EMPTY_BODY = YES;
				CLANG_WARN_ENUM_CONVERSION = YES;
				CLANG_WARN_INFINITE_RECURSION = YES;
				CLANG_WARN_INT_CONVERSION = YES;
				CLANG_WARN_NON_LITERAL_NULL_CONVERSION = YES;
				CLANG_WARN_OBJC_IMPLICIT_RETAIN_SELF = YES;
				CLANG_WARN_OBJC_LITERAL_CONVERSION = YES;
				CLANG_WARN_OBJC_ROOT_CLASS = YES_ERROR;
				CLANG_WARN_RANGE_LOOP_ANALYSIS = YES;
				CLANG_WARN_STRICT_PROTOTYPES = YES;
				CLANG_WARN_SUSPICIOUS_MOVE = YES;
				CLANG_WARN_UNGUARDED_AVAILABILITY = YES_AGGRESSIVE;
				CLANG_WARN_UNREACHABLE_CODE = YES;
				CLANG_WARN__DUPLICATE_METHOD_MATCH = YES;
				CODE_SIGN_IDENTITY = "iPhone Developer";
				COPY_PHASE_STRIP = NO;
				DEBUG_INFORMATION_FORMAT = dwarf;
				ENABLE_STRICT_OBJC_MSGSEND = YES;
				ENABLE_TESTABILITY = YES;
				GCC_C_LANGUAGE_STANDARD = gnu11;
				GCC_DYNAMIC_NO_PIC = NO;
				GCC_NO_COMMON_BLOCKS = YES;
				GCC_OPTIMIZATION_LEVEL = 0;
				GCC_PREPROCESSOR_DEFINITIONS = (
					"DEBUG=1",
					"$(inherited)",
				);
				GCC_WARN_64_TO_32_BIT_CONVERSION = YES;
				GCC_WARN_ABOUT_RETURN_TYPE = YES_ERROR;
				GCC_WARN_UNDECLARED_SELECTOR = YES;
				GCC_WARN_UNINITIALIZED_AUTOS = YES_AGGRESSIVE;
				GCC_WARN_UNUSED_FUNCTION = YES;
				GCC_WARN_UNUSED_VARIABLE = YES;
				IPHONEOS_DEPLOYMENT_TARGET = 12.1;
				MTL_ENABLE_DEBUG_INFO = INCLUDE_SOURCE;
				MTL_FAST_MATH = YES;
				ONLY_ACTIVE_ARCH = YES;
				SDKROOT = iphoneos;
				SWIFT_ACTIVE_COMPILATION_CONDITIONS = DEBUG;
				SWIFT_OPTIMIZATION_LEVEL = "-Onone";
			};
			name = Debug;
		};
		B26A88E4222B154D00AEC3F1 /* Release */ = {
			isa = XCBuildConfiguration;
			buildSettings = {
				ALWAYS_SEARCH_USER_PATHS = NO;
				CLANG_ANALYZER_NONNULL = YES;
				CLANG_ANALYZER_NUMBER_OBJECT_CONVERSION = YES_AGGRESSIVE;
				CLANG_CXX_LANGUAGE_STANDARD = "gnu++14";
				CLANG_CXX_LIBRARY = "libc++";
				CLANG_ENABLE_MODULES = YES;
				CLANG_ENABLE_OBJC_ARC = YES;
				CLANG_ENABLE_OBJC_WEAK = YES;
				CLANG_WARN_BLOCK_CAPTURE_AUTORELEASING = YES;
				CLANG_WARN_BOOL_CONVERSION = YES;
				CLANG_WARN_COMMA = YES;
				CLANG_WARN_CONSTANT_CONVERSION = YES;
				CLANG_WARN_DEPRECATED_OBJC_IMPLEMENTATIONS = YES;
				CLANG_WARN_DIRECT_OBJC_ISA_USAGE = YES_ERROR;
				CLANG_WARN_DOCUMENTATION_COMMENTS = YES;
				CLANG_WARN_EMPTY_BODY = YES;
				CLANG_WARN_ENUM_CONVERSION = YES;
				CLANG_WARN_INFINITE_RECURSION = YES;
				CLANG_WARN_INT_CONVERSION = YES;
				CLANG_WARN_NON_LITERAL_NULL_CONVERSION = YES;
				CLANG_WARN_OBJC_IMPLICIT_RETAIN_SELF = YES;
				CLANG_WARN_OBJC_LITERAL_CONVERSION = YES;
				CLANG_WARN_OBJC_ROOT_CLASS = YES_ERROR;
				CLANG_WARN_RANGE_LOOP_ANALYSIS = YES;
				CLANG_WARN_STRICT_PROTOTYPES = YES;
				CLANG_WARN_SUSPICIOUS_MOVE = YES;
				CLANG_WARN_UNGUARDED_AVAILABILITY = YES_AGGRESSIVE;
				CLANG_WARN_UNREACHABLE_CODE = YES;
				CLANG_WARN__DUPLICATE_METHOD_MATCH = YES;
				CODE_SIGN_IDENTITY = "iPhone Developer";
				COPY_PHASE_STRIP = NO;
				DEBUG_INFORMATION_FORMAT = "dwarf-with-dsym";
				ENABLE_NS_ASSERTIONS = NO;
				ENABLE_STRICT_OBJC_MSGSEND = YES;
				GCC_C_LANGUAGE_STANDARD = gnu11;
				GCC_NO_COMMON_BLOCKS = YES;
				GCC_WARN_64_TO_32_BIT_CONVERSION = YES;
				GCC_WARN_ABOUT_RETURN_TYPE = YES_ERROR;
				GCC_WARN_UNDECLARED_SELECTOR = YES;
				GCC_WARN_UNINITIALIZED_AUTOS = YES_AGGRESSIVE;
				GCC_WARN_UNUSED_FUNCTION = YES;
				GCC_WARN_UNUSED_VARIABLE = YES;
				IPHONEOS_DEPLOYMENT_TARGET = 12.1;
				MTL_ENABLE_DEBUG_INFO = NO;
				MTL_FAST_MATH = YES;
				SDKROOT = iphoneos;
				SWIFT_COMPILATION_MODE = wholemodule;
				SWIFT_OPTIMIZATION_LEVEL = "-O";
				VALIDATE_PRODUCT = YES;
			};
			name = Release;
		};
		B26A88E6222B154D00AEC3F1 /* Debug */ = {
			isa = XCBuildConfiguration;
			buildSettings = {
				ASSETCATALOG_COMPILER_APPICON_NAME = AppIcon;
				CODE_SIGN_STYLE = Automatic;
				DEVELOPMENT_TEAM = 57VYB38WYQ;
				INFOPLIST_FILE = PlayingCard/Info.plist;
				LD_RUNPATH_SEARCH_PATHS = (
					"$(inherited)",
					"@executable_path/Frameworks",
				);
				PRODUCT_BUNDLE_IDENTIFIER = com.elif.PlayingCard;
				PRODUCT_NAME = "$(TARGET_NAME)";
				SWIFT_VERSION = 4.2;
				TARGETED_DEVICE_FAMILY = "1,2";
			};
			name = Debug;
		};
		B26A88E7222B154D00AEC3F1 /* Release */ = {
			isa = XCBuildConfiguration;
			buildSettings = {
				ASSETCATALOG_COMPILER_APPICON_NAME = AppIcon;
				CODE_SIGN_STYLE = Automatic;
				DEVELOPMENT_TEAM = 57VYB38WYQ;
				INFOPLIST_FILE = PlayingCard/Info.plist;
				LD_RUNPATH_SEARCH_PATHS = (
					"$(inherited)",
					"@executable_path/Frameworks",
				);
				PRODUCT_BUNDLE_IDENTIFIER = com.elif.PlayingCard;
				PRODUCT_NAME = "$(TARGET_NAME)";
				SWIFT_VERSION = 4.2;
				TARGETED_DEVICE_FAMILY = "1,2";
			};
			name = Release;
		};
/* End XCBuildConfiguration section */

/* Begin XCConfigurationList section */
		B26A88CE222B154B00AEC3F1 /* Build configuration list for PBXProject "PlayingCard" */ = {
			isa = XCConfigurationList;
			buildConfigurations = (
				B26A88E3222B154D00AEC3F1 /* Debug */,
				B26A88E4222B154D00AEC3F1 /* Release */,
			);
			defaultConfigurationIsVisible = 0;
			defaultConfigurationName = Release;
		};
		B26A88E5222B154D00AEC3F1 /* Build configuration list for PBXNativeTarget "PlayingCard" */ = {
			isa = XCConfigurationList;
			buildConfigurations = (
				B26A88E6222B154D00AEC3F1 /* Debug */,
				B26A88E7222B154D00AEC3F1 /* Release */,
			);
			defaultConfigurationIsVisible = 0;
			defaultConfigurationName = Release;
		};
/* End XCConfigurationList section */
	};
	rootObject = B26A88CB222B154B00AEC3F1 /* Project object */;
}
